
Microsoft Visual Studio Solution File, Format Version 12.00
# Visual Studio Version 17
VisualStudioVersion = 17.1.32421.90
MinimumVisualStudioVersion = 10.0.40219.1
Project("{8BC9CEB8-8B4A-11D0-8D11-00A0C91BC942}") = "ShadowRun", "ShadowRun.vcxproj", "{F112439F-FA3C-40E0-B004-BEE689E70F26}"
EndProject
Global
	GlobalSection(SolutionConfigurationPlatforms) = preSolution
		Debug|Win32 = Debug|Win32
		Debug|x64 = Debug|x64
		Release|Win32 = Release|Win32
		Release|x64 = Release|x64
	EndGlobalSection
	GlobalSection(ProjectConfigurationPlatforms) = postSolution
		{F112439F-FA3C-40E0-B004-BEE689E70F26}.Debug|Win32.ActiveCfg = Debug|Win32
		{F112439F-FA3C-40E0-B004-BEE689E70F26}.Debug|Win32.Build.0 = Debug|Win32
		{F112439F-FA3C-40E0-B004-BEE689E70F26}.Debug|Win32.Deploy.0 = Debug|Win32
		{F112439F-FA3C-40E0-B004-BEE689E70F26}.Debug|x64.ActiveCfg = Debug|x64
		{F112439F-FA3C-40E0-B004-BEE689E70F26}.Debug|x64.Build.0 = Debug|x64
		{F112439F-FA3C-40E0-B004-BEE689E70F26}.Release|Win32.ActiveCfg = Release|Win32
		{F112439F-FA3C-40E0-B004-BEE689E70F26}.Release|Win32.Build.0 = Release|Win32
		{F112439F-FA3C-40E0-B004-BEE689E70F26}.Release|Win32.Deploy.0 = Release|Win32
		{F112439F-FA3C-40E0-B004-BEE689E70F26}.Release|x64.ActiveCfg = Release|x64
		{F112439F-FA3C-40E0-B004-BEE689E70F26}.Release|x64.Build.0 = Release|x64
	EndGlobalSection
	GlobalSection(SolutionProperties) = preSolution
		HideSolutionNode = FALSE
	EndGlobalSection
	GlobalSection(ExtensibilityGlobals) = postSolution
		SolutionGuid = {CB2FAB32-7DBF-4F08-BD57-F6507D9E9D2D}
	EndGlobalSection
EndGlobal
